
Microsoft Visual Studio Solution File, Format Version 12.00
# Visual Studio Version 16
VisualStudioVersion = 16.0.30717.126
MinimumVisualStudioVersion = 10.0.40219.1
Project("{8BC9CEB8-8B4A-11D0-8D11-00A0C91BC942}") = "practise01.02", "practise01.02\practise01.02.vcxproj", "{44E7160F-25AD-4419-BCFC-60A3290FC57E}"
EndProject
Global
	GlobalSection(SolutionConfigurationPlatforms) = preSolution
		Debug|x64 = Debug|x64
		Debug|x86 = Debug|x86
		Release|x64 = Release|x64
		Release|x86 = Release|x86
	EndGlobalSection
	GlobalSection(ProjectConfigurationPlatforms) = postSolution
		{44E7160F-25AD-4419-BCFC-60A3290FC57E}.Debug|x64.ActiveCfg = Debug|x64
		{44E7160F-25AD-4419-BCFC-60A3290FC57E}.Debug|x64.Build.0 = Debug|x64
		{44E7160F-25AD-4419-BCFC-60A3290FC57E}.Debug|x86.ActiveCfg = Debug|Win32
		{44E7160F-25AD-4419-BCFC-60A3290FC57E}.Debug|x86.Build.0 = Debug|Win32
		{44E7160F-25AD-4419-BCFC-60A3290FC57E}.Release|x64.ActiveCfg = Release|x64
		{44E7160F-25AD-4419-BCFC-60A3290FC57E}.Release|x64.Build.0 = Release|x64
		{44E7160F-25AD-4419-BCFC-60A3290FC57E}.Release|x86.ActiveCfg = Release|Win32
		{44E7160F-25AD-4419-BCFC-60A3290FC57E}.Release|x86.Build.0 = Release|Win32
	EndGlobalSection
	GlobalSection(SolutionProperties) = preSolution
		HideSolutionNode = FALSE
	EndGlobalSection
	GlobalSection(ExtensibilityGlobals) = postSolution
		SolutionGuid = {94D8E3CC-05C4-4C31-A367-DE63A16DDA3D}
	EndGlobalSection
EndGlobal
